
Microsoft Visual Studio Solution File, Format Version 12.00
# Visual Studio 15
VisualStudioVersion = 15.0.28307.1585
MinimumVisualStudioVersion = 10.0.40219.1
Project("{FAE04EC0-301F-11D3-BF4B-00C04F79EFBC}") = "Shop", "Shop\Shop.csproj", "{F913495E-8815-4FAD-9383-89E43C1C49C5}"
EndProject
Global
	GlobalSection(SolutionConfigurationPlatforms) = preSolution
		Debug|Any CPU = Debug|Any CPU
		Release|Any CPU = Release|Any CPU
	EndGlobalSection
	GlobalSection(ProjectConfigurationPlatforms) = postSolution
		{F913495E-8815-4FAD-9383-89E43C1C49C5}.Debug|Any CPU.ActiveCfg = Debug|Any CPU
		{F913495E-8815-4FAD-9383-89E43C1C49C5}.Debug|Any CPU.Build.0 = Debug|Any CPU
		{F913495E-8815-4FAD-9383-89E43C1C49C5}.Release|Any CPU.ActiveCfg = Release|Any CPU
		{F913495E-8815-4FAD-9383-89E43C1C49C5}.Release|Any CPU.Build.0 = Release|Any CPU
	EndGlobalSection
	GlobalSection(SolutionProperties) = preSolution
		HideSolutionNode = FALSE
	EndGlobalSection
	GlobalSection(ExtensibilityGlobals) = postSolution
		SolutionGuid = {13ACBD1C-F9E5-41A1-9F71-C052E228874B}
	EndGlobalSection
EndGlobal
